
Microsoft Visual Studio Solution File, Format Version 12.00
# Visual Studio Version 17
VisualStudioVersion = 17.0.31912.275
MinimumVisualStudioVersion = 10.0.40219.1
Project("{FAE04EC0-301F-11D3-BF4B-00C04F79EFBC}") = "ContosoUniversity", "ContosoUniversity\ContosoUniversity.csproj", "{7A4572EA-443B-4662-8A05-98863B7CAC5C}"
EndProject
Global
	GlobalSection(SolutionConfigurationPlatforms) = preSolution
		Debug|Any CPU = Debug|Any CPU
		Release|Any CPU = Release|Any CPU
	EndGlobalSection
	GlobalSection(ProjectConfigurationPlatforms) = postSolution
		{7A4572EA-443B-4662-8A05-98863B7CAC5C}.Debug|Any CPU.ActiveCfg = Debug|Any CPU
		{7A4572EA-443B-4662-8A05-98863B7CAC5C}.Debug|Any CPU.Build.0 = Debug|Any CPU
		{7A4572EA-443B-4662-8A05-98863B7CAC5C}.Release|Any CPU.ActiveCfg = Release|Any CPU
		{7A4572EA-443B-4662-8A05-98863B7CAC5C}.Release|Any CPU.Build.0 = Release|Any CPU
	EndGlobalSection
	GlobalSection(SolutionProperties) = preSolution
		HideSolutionNode = FALSE
	EndGlobalSection
	GlobalSection(ExtensibilityGlobals) = postSolution
		SolutionGuid = {BEB5F362-0CB6-4F7C-BE59-1D262424F6E3}
	EndGlobalSection
EndGlobal
